
Microsoft Visual Studio Solution File, Format Version 12.00
# Visual Studio 15
VisualStudioVersion = 15.0.28010.2050
MinimumVisualStudioVersion = 10.0.40219.1
Project("{9A19103F-16F7-4668-BE54-9A1E7A4F7556}") = "lab02", "lab02\lab02.csproj", "{7FEF3CF5-4F5D-432F-B772-643BE80B32CA}"
EndProject
Project("{2150E333-8FDC-42A3-9474-1A3956D46DE8}") = "Solution Items", "Solution Items", "{DDE58042-B261-4BE3-9A09-EDC5236824EE}"
EndProject
Global
	GlobalSection(SolutionConfigurationPlatforms) = preSolution
		Debug|Any CPU = Debug|Any CPU
		Release|Any CPU = Release|Any CPU
	EndGlobalSection
	GlobalSection(ProjectConfigurationPlatforms) = postSolution
		{7FEF3CF5-4F5D-432F-B772-643BE80B32CA}.Debug|Any CPU.ActiveCfg = Debug|Any CPU
		{7FEF3CF5-4F5D-432F-B772-643BE80B32CA}.Debug|Any CPU.Build.0 = Debug|Any CPU
		{7FEF3CF5-4F5D-432F-B772-643BE80B32CA}.Release|Any CPU.ActiveCfg = Release|Any CPU
		{7FEF3CF5-4F5D-432F-B772-643BE80B32CA}.Release|Any CPU.Build.0 = Release|Any CPU
	EndGlobalSection
	GlobalSection(SolutionProperties) = preSolution
		HideSolutionNode = FALSE
	EndGlobalSection
	GlobalSection(ExtensibilityGlobals) = postSolution
		SolutionGuid = {2593A59C-836A-4E4F-834A-D537195FA9D1}
	EndGlobalSection
EndGlobal
